{
  "requires": true,
  "lockfileVersion": 1,
  "dependencies": {
    "@angular/cdk": {
      "version": "9.2.1",
      "resolved": "https://registry.npmjs.org/@angular/cdk/-/cdk-9.2.1.tgz",
      "integrity": "sha512-aSG1UNPszkSnpNuDCNd7ZgT29oQ8vqHPmoqjvJI0JkEv3i6uEs5tRuhWl3TK39wDNuwdlq0AY47XTa/0Ppb5RQ==",
      "requires": {
        "parse5": "^5.0.0"
      }
    },
    "@ant-design/colors": {
      "version": "3.2.2",
      "resolved": "https://registry.npmjs.org/@ant-design/colors/-/colors-3.2.2.tgz",
      "integrity": "sha512-YKgNbG2dlzqMhA9NtI3/pbY16m3Yl/EeWBRa+lB1X1YaYxHrxNexiQYCLTWO/uDvAjLFMEDU+zR901waBtMtjQ==",
      "requires": {
        "tinycolor2": "^1.4.1"
      }
    },
    "@ant-design/icons-angular": {
      "version": "9.0.1",
      "resolved": "https://registry.npmjs.org/@ant-design/icons-angular/-/icons-angular-9.0.1.tgz",
      "integrity": "sha512-bWdHOmO4LSQ3wpmivwTI7EWiRUMGSVA+fyfiGZ9IrQqoccg9XjGcWqT/VA9A45OV0QTKweo4hp3xaTzRBKsc+g==",
      "requires": {
        "@ant-design/colors": "^3.1.0"
      }
    },
    "@auth0/auth0-spa-js": {
      "version": "1.7.0",
      "resolved": "https://registry.npmjs.org/@auth0/auth0-spa-js/-/auth0-spa-js-1.7.0.tgz",
      "integrity": "sha512-OAeNUI0bTBdk3cIWJMBLgf4B1DvyPXmbBBDQI7EpGR3pU0/+9d19sDCPC1b9epp6Aa7pnd4OR5u9JIQCc3eSKw==",
      "requires": {
        "abortcontroller-polyfill": "^1.4.0",
        "browser-tabs-lock": "^1.2.8",
        "core-js": "^3.6.4",
        "es-cookie": "^1.3.2",
        "fast-text-encoding": "^1.0.1",
        "promise-polyfill": "^8.1.3",
        "unfetch": "^4.1.0"
      }
    },
    "abortcontroller-polyfill": {
      "version": "1.4.0",
      "resolved": "https://registry.npmjs.org/abortcontroller-polyfill/-/abortcontroller-polyfill-1.4.0.tgz",
      "integrity": "sha512-3ZFfCRfDzx3GFjO6RAkYx81lPGpUS20ISxux9gLxuKnqafNcFQo59+IoZqpO2WvQlyc287B62HDnDdNYRmlvWA=="
    },
    "browser-tabs-lock": {
      "version": "1.2.8",
      "resolved": "https://registry.npmjs.org/browser-tabs-lock/-/browser-tabs-lock-1.2.8.tgz",
      "integrity": "sha512-Xrj33YUTltPDoGrD1KnaAn5ZuxnnlJFcIW9srVTPHbMNPd9MlcnBCWaGV0STlvGKu8Ok0ad5qxyx5sIwFTr/Ig=="
    },
    "core-js": {
      "version": "3.6.5",
      "resolved": "https://registry.npmjs.org/core-js/-/core-js-3.6.5.tgz",
      "integrity": "sha512-vZVEEwZoIsI+vPEuoF9Iqf5H7/M3eeQqWlQnYa8FSKKePuYTf5MWnxb5SDAzCa60b3JBRS5g9b+Dq7b1y/RCrA=="
    },
    "date-fns": {
      "version": "2.12.0",
      "resolved": "https://registry.npmjs.org/date-fns/-/date-fns-2.12.0.tgz",
      "integrity": "sha512-qJgn99xxKnFgB1qL4jpxU7Q2t0LOn1p8KMIveef3UZD7kqjT3tpFNNdXJelEHhE+rUgffriXriw/sOSU+cS1Hw=="
    },
    "es-cookie": {
      "version": "1.3.2",
      "resolved": "https://registry.npmjs.org/es-cookie/-/es-cookie-1.3.2.tgz",
      "integrity": "sha512-UTlYYhXGLOy05P/vKVT2Ui7WtC7NiRzGtJyAKKn32g5Gvcjn7KAClLPWlipCtxIus934dFg9o9jXiBL0nP+t9Q=="
    },
    "fast-text-encoding": {
      "version": "1.0.2",
      "resolved": "https://registry.npmjs.org/fast-text-encoding/-/fast-text-encoding-1.0.2.tgz",
      "integrity": "sha512-5rQdinSsycpzvAoHga2EDn+LRX1d5xLFsuNG0Kg61JrAT/tASXcLL0nf/33v+sAxlQcfYmWbTURa1mmAf55jGw=="
    },
    "parse5": {
      "version": "5.1.1",
      "resolved": "https://registry.npmjs.org/parse5/-/parse5-5.1.1.tgz",
      "integrity": "sha512-ugq4DFI0Ptb+WWjAdOK16+u/nHfiIrcE+sh8kZMaM0WllQKLI9rOUq6c2b7cwPkXdzfQESqvoqK6ug7U/Yyzug=="
    },
    "promise-polyfill": {
      "version": "8.1.3",
      "resolved": "https://registry.npmjs.org/promise-polyfill/-/promise-polyfill-8.1.3.tgz",
      "integrity": "sha512-MG5r82wBzh7pSKDRa9y+vllNHz3e3d4CNj1PQE4BQYxLme0gKYYBm9YENq+UkEikyZ0XbiGWxYlVw3Rl9O/U8g=="
    },
    "resize-observer-polyfill": {
      "version": "1.5.1",
      "resolved": "https://registry.npmjs.org/resize-observer-polyfill/-/resize-observer-polyfill-1.5.1.tgz",
      "integrity": "sha512-LwZrotdHOo12nQuZlHEmtuXdqGoOD0OhaxopaNFxWzInpEgaLWoVuAMbTzixuosCx2nEG58ngzW3vxdWoxIgdg=="
    },
    "tinycolor2": {
      "version": "1.4.1",
      "resolved": "https://registry.npmjs.org/tinycolor2/-/tinycolor2-1.4.1.tgz",
      "integrity": "sha1-9PrTM0R7wLB9TcjpIJ2POaisd+g="
    },
    "unfetch": {
      "version": "4.1.0",
      "resolved": "https://registry.npmjs.org/unfetch/-/unfetch-4.1.0.tgz",
      "integrity": "sha512-crP/n3eAPUJxZXM9T80/yv0YhkTEx2K1D3h7D1AJM6fzsWZrxdyRuLN0JH/dkZh1LNH8LxCnBzoPFCPbb2iGpg=="
    }
  }
}
